
Microsoft Visual Studio Solution File, Format Version 12.00
# Visual Studio Version 17
VisualStudioVersion = 17.6.33801.468
MinimumVisualStudioVersion = 10.0.40219.1
Project("{9A19103F-16F7-4668-BE54-9A1E7A4F7556}") = "Quadratic", "Diskriminant\Quadratic.csproj", "{153077F0-8520-4AD0-95F9-DF4513663B2D}"
EndProject
Global
	GlobalSection(SolutionConfigurationPlatforms) = preSolution
		Debug|Any CPU = Debug|Any CPU
		Release|Any CPU = Release|Any CPU
	EndGlobalSection
	GlobalSection(ProjectConfigurationPlatforms) = postSolution
		{153077F0-8520-4AD0-95F9-DF4513663B2D}.Debug|Any CPU.ActiveCfg = Debug|Any CPU
		{153077F0-8520-4AD0-95F9-DF4513663B2D}.Debug|Any CPU.Build.0 = Debug|Any CPU
		{153077F0-8520-4AD0-95F9-DF4513663B2D}.Release|Any CPU.ActiveCfg = Release|Any CPU
		{153077F0-8520-4AD0-95F9-DF4513663B2D}.Release|Any CPU.Build.0 = Release|Any CPU
	EndGlobalSection
	GlobalSection(SolutionProperties) = preSolution
		HideSolutionNode = FALSE
	EndGlobalSection
	GlobalSection(ExtensibilityGlobals) = postSolution
		SolutionGuid = {E0E34E9A-3724-4944-9E9A-BFCA05BCCB01}
	EndGlobalSection
EndGlobal
